
Microsoft Visual Studio Solution File, Format Version 12.00
Project("{FAE04EC0-301F-11D3-BF4B-00C04F79EFBC}") = "clever", "clever\clever.csproj", "{634FDC9A-BB99-4C05-B569-B571D18BB379}"
EndProject
Project("{FAE04EC0-301F-11D3-BF4B-00C04F79EFBC}") = "clever.DataAccess", "clever.DataAccess\clever.DataAccess.csproj", "{90CEA441-CBEB-4DCC-A2AE-6C68555E40D5}"
EndProject
Project("{FAE04EC0-301F-11D3-BF4B-00C04F79EFBC}") = "clever.Core", "clever.Core\clever.Core.csproj", "{C753E6EC-05E3-4544-98FC-BC816FA01E48}"
EndProject
Project("{FAE04EC0-301F-11D3-BF4B-00C04F79EFBC}") = "clever.Contracts", "clever.Contracts\clever.Contracts.csproj", "{038BE9A9-777D-4B10-A64C-58CF27FF0FDF}"
EndProject
Global
	GlobalSection(SolutionConfigurationPlatforms) = preSolution
		Debug|Any CPU = Debug|Any CPU
		Release|Any CPU = Release|Any CPU
	EndGlobalSection
	GlobalSection(ProjectConfigurationPlatforms) = postSolution
		{634FDC9A-BB99-4C05-B569-B571D18BB379}.Debug|Any CPU.ActiveCfg = Debug|Any CPU
		{634FDC9A-BB99-4C05-B569-B571D18BB379}.Debug|Any CPU.Build.0 = Debug|Any CPU
		{634FDC9A-BB99-4C05-B569-B571D18BB379}.Release|Any CPU.ActiveCfg = Release|Any CPU
		{634FDC9A-BB99-4C05-B569-B571D18BB379}.Release|Any CPU.Build.0 = Release|Any CPU
		{90CEA441-CBEB-4DCC-A2AE-6C68555E40D5}.Debug|Any CPU.ActiveCfg = Debug|Any CPU
		{90CEA441-CBEB-4DCC-A2AE-6C68555E40D5}.Debug|Any CPU.Build.0 = Debug|Any CPU
		{90CEA441-CBEB-4DCC-A2AE-6C68555E40D5}.Release|Any CPU.ActiveCfg = Release|Any CPU
		{90CEA441-CBEB-4DCC-A2AE-6C68555E40D5}.Release|Any CPU.Build.0 = Release|Any CPU
		{C753E6EC-05E3-4544-98FC-BC816FA01E48}.Debug|Any CPU.ActiveCfg = Debug|Any CPU
		{C753E6EC-05E3-4544-98FC-BC816FA01E48}.Debug|Any CPU.Build.0 = Debug|Any CPU
		{C753E6EC-05E3-4544-98FC-BC816FA01E48}.Release|Any CPU.ActiveCfg = Release|Any CPU
		{C753E6EC-05E3-4544-98FC-BC816FA01E48}.Release|Any CPU.Build.0 = Release|Any CPU
		{038BE9A9-777D-4B10-A64C-58CF27FF0FDF}.Debug|Any CPU.ActiveCfg = Debug|Any CPU
		{038BE9A9-777D-4B10-A64C-58CF27FF0FDF}.Debug|Any CPU.Build.0 = Debug|Any CPU
		{038BE9A9-777D-4B10-A64C-58CF27FF0FDF}.Release|Any CPU.ActiveCfg = Release|Any CPU
		{038BE9A9-777D-4B10-A64C-58CF27FF0FDF}.Release|Any CPU.Build.0 = Release|Any CPU
	EndGlobalSection
EndGlobal
